
Microsoft Visual Studio Solution File, Format Version 12.00
# Visual Studio Version 17
VisualStudioVersion = 17.0.31903.59
MinimumVisualStudioVersion = 10.0.40219.1
Project("{FAE04EC0-301F-11D3-BF4B-00C04F79EFBC}") = "ConsoleApp", "ConsoleApp\ConsoleApp.csproj", "{FF4D4395-9578-4578-92BC-8E20428D6FF6}"
EndProject
Project("{FAE04EC0-301F-11D3-BF4B-00C04F79EFBC}") = "ClassLibrary", "ClassLibrary\ClassLibrary.csproj", "{838124FF-BAAC-46F0-BC67-B4A05C86CD0F}"
EndProject
Global
	GlobalSection(SolutionConfigurationPlatforms) = preSolution
		Debug|Any CPU = Debug|Any CPU
		Release|Any CPU = Release|Any CPU
	EndGlobalSection
	GlobalSection(SolutionProperties) = preSolution
		HideSolutionNode = FALSE
	EndGlobalSection
	GlobalSection(ProjectConfigurationPlatforms) = postSolution
		{FF4D4395-9578-4578-92BC-8E20428D6FF6}.Debug|Any CPU.ActiveCfg = Debug|Any CPU
		{FF4D4395-9578-4578-92BC-8E20428D6FF6}.Debug|Any CPU.Build.0 = Debug|Any CPU
		{FF4D4395-9578-4578-92BC-8E20428D6FF6}.Release|Any CPU.ActiveCfg = Release|Any CPU
		{FF4D4395-9578-4578-92BC-8E20428D6FF6}.Release|Any CPU.Build.0 = Release|Any CPU
		{838124FF-BAAC-46F0-BC67-B4A05C86CD0F}.Debug|Any CPU.ActiveCfg = Debug|Any CPU
		{838124FF-BAAC-46F0-BC67-B4A05C86CD0F}.Debug|Any CPU.Build.0 = Debug|Any CPU
		{838124FF-BAAC-46F0-BC67-B4A05C86CD0F}.Release|Any CPU.ActiveCfg = Release|Any CPU
		{838124FF-BAAC-46F0-BC67-B4A05C86CD0F}.Release|Any CPU.Build.0 = Release|Any CPU
	EndGlobalSection
EndGlobal
